
Microsoft Visual Studio Solution File, Format Version 12.00
# Visual Studio 14
VisualStudioVersion = 14.0.25420.1
MinimumVisualStudioVersion = 10.0.40219.1
Project("{FAE04EC0-301F-11D3-BF4B-00C04F79EFBC}") = "WindowsDevicePortalWrapper", "WindowsDevicePortalWrapper\WindowsDevicePortalWrapper.csproj", "{6A9E862E-5CDA-4A8A-BBC0-56E9EA921E39}"
EndProject
Project("{FAE04EC0-301F-11D3-BF4B-00C04F79EFBC}") = "TestApp", "TestApp\TestApp.csproj", "{46C9836D-211A-43B8-B032-076C53A3D57C}"
EndProject
Project("{FAE04EC0-301F-11D3-BF4B-00C04F79EFBC}") = "TestAppHL", "TestAppHL\TestAppHL.csproj", "{664A2974-A463-47BB-95CC-C8B1A454F1BD}"
EndProject
Project("{FAE04EC0-301F-11D3-BF4B-00C04F79EFBC}") = "TestAppXbox", "TestAppXbox\TestAppXbox.csproj", "{1F3CA46B-1E52-418E-A293-23F3FA3BD213}"
EndProject
Project("{FAE04EC0-301F-11D3-BF4B-00C04F79EFBC}") = "TestAppIoT", "TestAppIoT\TestAppIoT.csproj", "{1053A1E3-BA27-4916-A94D-3DD7FEB6F463}"
EndProject
Project("{FAE04EC0-301F-11D3-BF4B-00C04F79EFBC}") = "WindowsDevicePortalWrapper.UniversalWindows", "WindowsDevicePortalWrapper.UniversalWindows\WindowsDevicePortalWrapper.UniversalWindows.csproj", "{F2D8B145-A737-494E-AEF4-508F9D02E0D7}"
EndProject
Project("{D954291E-2A0B-460D-934E-DC6B0785DB48}") = "WindowsDevicePortalWrapper.Shared", "WindowsDevicePortalWrapper.Shared\WindowsDevicePortalWrapper.Shared.shproj", "{AF72A46D-5D30-4FB4-8D3E-B516ED19F9A4}"
EndProject
Project("{FAE04EC0-301F-11D3-BF4B-00C04F79EFBC}") = "TestAppHL.UniversalWindows", "TestAppHL.UniversalWindows\TestAppHL.UniversalWindows.csproj", "{D49B6A91-7FFF-49AE-982D-108770BC7E5B}"
EndProject
Project("{FAE04EC0-301F-11D3-BF4B-00C04F79EFBC}") = "UnitTestProject", "UnitTestProject\UnitTestProject.csproj", "{4FC7C762-ADBE-4A0A-882D-10771CD8BD55}"
EndProject
Project("{FAE04EC0-301F-11D3-BF4B-00C04F79EFBC}") = "MockDataGenerator", "MockDataGenerator\MockDataGenerator.csproj", "{C5AF45CA-C804-42ED-81FD-041B9B7FDBBD}"
EndProject
Global
	GlobalSection(SharedMSBuildProjectFiles) = preSolution
		WindowsDevicePortalWrapper.Shared\WindowsDevicePortalWrapper.Shared.projitems*{4fc7c762-adbe-4a0a-882d-10771cd8bd55}*SharedItemsImports = 4
		WindowsDevicePortalWrapper.Shared\WindowsDevicePortalWrapper.Shared.projitems*{6a9e862e-5cda-4a8a-bbc0-56e9ea921e39}*SharedItemsImports = 4
		WindowsDevicePortalWrapper.Shared\WindowsDevicePortalWrapper.Shared.projitems*{af72a46d-5d30-4fb4-8d3e-b516ed19f9a4}*SharedItemsImports = 13
		WindowsDevicePortalWrapper.Shared\WindowsDevicePortalWrapper.Shared.projitems*{f2d8b145-a737-494e-aef4-508f9d02e0d7}*SharedItemsImports = 4
	EndGlobalSection
	GlobalSection(SolutionConfigurationPlatforms) = preSolution
		Debug|Any CPU = Debug|Any CPU
		Debug|ARM = Debug|ARM
		Debug|x64 = Debug|x64
		Debug|x86 = Debug|x86
		Release|Any CPU = Release|Any CPU
		Release|ARM = Release|ARM
		Release|x64 = Release|x64
		Release|x86 = Release|x86
	EndGlobalSection
	GlobalSection(ProjectConfigurationPlatforms) = postSolution
		{6A9E862E-5CDA-4A8A-BBC0-56E9EA921E39}.Debug|Any CPU.ActiveCfg = Debug|Any CPU
		{6A9E862E-5CDA-4A8A-BBC0-56E9EA921E39}.Debug|Any CPU.Build.0 = Debug|Any CPU
		{6A9E862E-5CDA-4A8A-BBC0-56E9EA921E39}.Debug|ARM.ActiveCfg = Debug|Any CPU
		{6A9E862E-5CDA-4A8A-BBC0-56E9EA921E39}.Debug|ARM.Build.0 = Debug|Any CPU
		{6A9E862E-5CDA-4A8A-BBC0-56E9EA921E39}.Debug|x64.ActiveCfg = Debug|Any CPU
		{6A9E862E-5CDA-4A8A-BBC0-56E9EA921E39}.Debug|x64.Build.0 = Debug|Any CPU
		{6A9E862E-5CDA-4A8A-BBC0-56E9EA921E39}.Debug|x86.ActiveCfg = Debug|Any CPU
		{6A9E862E-5CDA-4A8A-BBC0-56E9EA921E39}.Debug|x86.Build.0 = Debug|Any CPU
		{6A9E862E-5CDA-4A8A-BBC0-56E9EA921E39}.Release|Any CPU.ActiveCfg = Release|Any CPU
		{6A9E862E-5CDA-4A8A-BBC0-56E9EA921E39}.Release|Any CPU.Build.0 = Release|Any CPU
		{6A9E862E-5CDA-4A8A-BBC0-56E9EA921E39}.Release|ARM.ActiveCfg = Release|Any CPU
		{6A9E862E-5CDA-4A8A-BBC0-56E9EA921E39}.Release|ARM.Build.0 = Release|Any CPU
		{6A9E862E-5CDA-4A8A-BBC0-56E9EA921E39}.Release|x64.ActiveCfg = Release|Any CPU
		{6A9E862E-5CDA-4A8A-BBC0-56E9EA921E39}.Release|x64.Build.0 = Release|Any CPU
		{6A9E862E-5CDA-4A8A-BBC0-56E9EA921E39}.Release|x86.ActiveCfg = Release|Any CPU
		{6A9E862E-5CDA-4A8A-BBC0-56E9EA921E39}.Release|x86.Build.0 = Release|Any CPU
		{46C9836D-211A-43B8-B032-076C53A3D57C}.Debug|Any CPU.ActiveCfg = Debug|Any CPU
		{46C9836D-211A-43B8-B032-076C53A3D57C}.Debug|Any CPU.Build.0 = Debug|Any CPU
		{46C9836D-211A-43B8-B032-076C53A3D57C}.Debug|ARM.ActiveCfg = Debug|Any CPU
		{46C9836D-211A-43B8-B032-076C53A3D57C}.Debug|ARM.Build.0 = Debug|Any CPU
		{46C9836D-211A-43B8-B032-076C53A3D57C}.Debug|x64.ActiveCfg = Debug|Any CPU
		{46C9836D-211A-43B8-B032-076C53A3D57C}.Debug|x64.Build.0 = Debug|Any CPU
		{46C9836D-211A-43B8-B032-076C53A3D57C}.Debug|x86.ActiveCfg = Debug|Any CPU
		{46C9836D-211A-43B8-B032-076C53A3D57C}.Debug|x86.Build.0 = Debug|Any CPU
		{46C9836D-211A-43B8-B032-076C53A3D57C}.Release|Any CPU.ActiveCfg = Release|Any CPU
		{46C9836D-211A-43B8-B032-076C53A3D57C}.Release|Any CPU.Build.0 = Release|Any CPU
		{46C9836D-211A-43B8-B032-076C53A3D57C}.Release|ARM.ActiveCfg = Release|Any CPU
		{46C9836D-211A-43B8-B032-076C53A3D57C}.Release|ARM.Build.0 = Release|Any CPU
		{46C9836D-211A-43B8-B032-076C53A3D57C}.Release|x64.ActiveCfg = Release|Any CPU
		{46C9836D-211A-43B8-B032-076C53A3D57C}.Release|x64.Build.0 = Release|Any CPU
		{46C9836D-211A-43B8-B032-076C53A3D57C}.Release|x86.ActiveCfg = Release|Any CPU
		{46C9836D-211A-43B8-B032-076C53A3D57C}.Release|x86.Build.0 = Release|Any CPU
		{664A2974-A463-47BB-95CC-C8B1A454F1BD}.Debug|Any CPU.ActiveCfg = Debug|Any CPU
		{664A2974-A463-47BB-95CC-C8B1A454F1BD}.Debug|Any CPU.Build.0 = Debug|Any CPU
		{664A2974-A463-47BB-95CC-C8B1A454F1BD}.Debug|ARM.ActiveCfg = Debug|Any CPU
		{664A2974-A463-47BB-95CC-C8B1A454F1BD}.Debug|ARM.Build.0 = Debug|Any CPU
		{664A2974-A463-47BB-95CC-C8B1A454F1BD}.Debug|x64.ActiveCfg = Debug|Any CPU
		{664A2974-A463-47BB-95CC-C8B1A454F1BD}.Debug|x64.Build.0 = Debug|Any CPU
		{664A2974-A463-47BB-95CC-C8B1A454F1BD}.Debug|x86.ActiveCfg = Debug|Any CPU
		{664A2974-A463-47BB-95CC-C8B1A454F1BD}.Debug|x86.Build.0 = Debug|Any CPU
		{664A2974-A463-47BB-95CC-C8B1A454F1BD}.Release|Any CPU.ActiveCfg = Release|Any CPU
		{664A2974-A463-47BB-95CC-C8B1A454F1BD}.Release|Any CPU.Build.0 = Release|Any CPU
		{664A2974-A463-47BB-95CC-C8B1A454F1BD}.Release|ARM.ActiveCfg = Release|Any CPU
		{664A2974-A463-47BB-95CC-C8B1A454F1BD}.Release|ARM.Build.0 = Release|Any CPU
		{664A2974-A463-47BB-95CC-C8B1A454F1BD}.Release|x64.ActiveCfg = Release|Any CPU
		{664A2974-A463-47BB-95CC-C8B1A454F1BD}.Release|x64.Build.0 = Release|Any CPU
		{664A2974-A463-47BB-95CC-C8B1A454F1BD}.Release|x86.ActiveCfg = Release|Any CPU
		{664A2974-A463-47BB-95CC-C8B1A454F1BD}.Release|x86.Build.0 = Release|Any CPU
		{1F3CA46B-1E52-418E-A293-23F3FA3BD213}.Debug|Any CPU.ActiveCfg = Debug|Any CPU
		{1F3CA46B-1E52-418E-A293-23F3FA3BD213}.Debug|Any CPU.Build.0 = Debug|Any CPU
		{1F3CA46B-1E52-418E-A293-23F3FA3BD213}.Debug|ARM.ActiveCfg = Debug|Any CPU
		{1F3CA46B-1E52-418E-A293-23F3FA3BD213}.Debug|ARM.Build.0 = Debug|Any CPU
		{1F3CA46B-1E52-418E-A293-23F3FA3BD213}.Debug|x64.ActiveCfg = Debug|Any CPU
		{1F3CA46B-1E52-418E-A293-23F3FA3BD213}.Debug|x64.Build.0 = Debug|Any CPU
		{1F3CA46B-1E52-418E-A293-23F3FA3BD213}.Debug|x86.ActiveCfg = Debug|Any CPU
		{1F3CA46B-1E52-418E-A293-23F3FA3BD213}.Debug|x86.Build.0 = Debug|Any CPU
		{1F3CA46B-1E52-418E-A293-23F3FA3BD213}.Release|Any CPU.ActiveCfg = Release|Any CPU
		{1F3CA46B-1E52-418E-A293-23F3FA3BD213}.Release|Any CPU.Build.0 = Release|Any CPU
		{1F3CA46B-1E52-418E-A293-23F3FA3BD213}.Release|ARM.ActiveCfg = Release|Any CPU
		{1F3CA46B-1E52-418E-A293-23F3FA3BD213}.Release|ARM.Build.0 = Release|Any CPU
		{1F3CA46B-1E52-418E-A293-23F3FA3BD213}.Release|x64.ActiveCfg = Release|Any CPU
		{1F3CA46B-1E52-418E-A293-23F3FA3BD213}.Release|x64.Build.0 = Release|Any CPU
		{1F3CA46B-1E52-418E-A293-23F3FA3BD213}.Release|x86.ActiveCfg = Release|Any CPU
		{1F3CA46B-1E52-418E-A293-23F3FA3BD213}.Release|x86.Build.0 = Release|Any CPU
		{1053A1E3-BA27-4916-A94D-3DD7FEB6F463}.Debug|Any CPU.ActiveCfg = Debug|Any CPU
		{1053A1E3-BA27-4916-A94D-3DD7FEB6F463}.Debug|Any CPU.Build.0 = Debug|Any CPU
		{1053A1E3-BA27-4916-A94D-3DD7FEB6F463}.Debug|ARM.ActiveCfg = Debug|Any CPU
		{1053A1E3-BA27-4916-A94D-3DD7FEB6F463}.Debug|ARM.Build.0 = Debug|Any CPU
		{1053A1E3-BA27-4916-A94D-3DD7FEB6F463}.Debug|x64.ActiveCfg = Debug|Any CPU
		{1053A1E3-BA27-4916-A94D-3DD7FEB6F463}.Debug|x64.Build.0 = Debug|Any CPU
		{1053A1E3-BA27-4916-A94D-3DD7FEB6F463}.Debug|x86.ActiveCfg = Debug|Any CPU
		{1053A1E3-BA27-4916-A94D-3DD7FEB6F463}.Debug|x86.Build.0 = Debug|Any CPU
		{1053A1E3-BA27-4916-A94D-3DD7FEB6F463}.Release|Any CPU.ActiveCfg = Release|Any CPU
		{1053A1E3-BA27-4916-A94D-3DD7FEB6F463}.Release|Any CPU.Build.0 = Release|Any CPU
		{1053A1E3-BA27-4916-A94D-3DD7FEB6F463}.Release|ARM.ActiveCfg = Release|Any CPU
		{1053A1E3-BA27-4916-A94D-3DD7FEB6F463}.Release|ARM.Build.0 = Release|Any CPU
		{1053A1E3-BA27-4916-A94D-3DD7FEB6F463}.Release|x64.ActiveCfg = Release|Any CPU
		{1053A1E3-BA27-4916-A94D-3DD7FEB6F463}.Release|x64.Build.0 = Release|Any CPU
		{1053A1E3-BA27-4916-A94D-3DD7FEB6F463}.Release|x86.ActiveCfg = Release|Any CPU
		{1053A1E3-BA27-4916-A94D-3DD7FEB6F463}.Release|x86.Build.0 = Release|Any CPU
		{F2D8B145-A737-494E-AEF4-508F9D02E0D7}.Debug|Any CPU.ActiveCfg = Debug|Any CPU
		{F2D8B145-A737-494E-AEF4-508F9D02E0D7}.Debug|Any CPU.Build.0 = Debug|Any CPU
		{F2D8B145-A737-494E-AEF4-508F9D02E0D7}.Debug|ARM.ActiveCfg = Debug|ARM
		{F2D8B145-A737-494E-AEF4-508F9D02E0D7}.Debug|ARM.Build.0 = Debug|ARM
		{F2D8B145-A737-494E-AEF4-508F9D02E0D7}.Debug|x64.ActiveCfg = Debug|x64
		{F2D8B145-A737-494E-AEF4-508F9D02E0D7}.Debug|x64.Build.0 = Debug|x64
		{F2D8B145-A737-494E-AEF4-508F9D02E0D7}.Debug|x86.ActiveCfg = Debug|x86
		{F2D8B145-A737-494E-AEF4-508F9D02E0D7}.Debug|x86.Build.0 = Debug|x86
		{F2D8B145-A737-494E-AEF4-508F9D02E0D7}.Release|Any CPU.ActiveCfg = Release|Any CPU
		{F2D8B145-A737-494E-AEF4-508F9D02E0D7}.Release|Any CPU.Build.0 = Release|Any CPU
		{F2D8B145-A737-494E-AEF4-508F9D02E0D7}.Release|ARM.ActiveCfg = Release|ARM
		{F2D8B145-A737-494E-AEF4-508F9D02E0D7}.Release|ARM.Build.0 = Release|ARM
		{F2D8B145-A737-494E-AEF4-508F9D02E0D7}.Release|x64.ActiveCfg = Release|x64
		{F2D8B145-A737-494E-AEF4-508F9D02E0D7}.Release|x64.Build.0 = Release|x64
		{F2D8B145-A737-494E-AEF4-508F9D02E0D7}.Release|x86.ActiveCfg = Release|x86
		{F2D8B145-A737-494E-AEF4-508F9D02E0D7}.Release|x86.Build.0 = Release|x86
		{D49B6A91-7FFF-49AE-982D-108770BC7E5B}.Debug|Any CPU.ActiveCfg = Debug|x64
		{D49B6A91-7FFF-49AE-982D-108770BC7E5B}.Debug|Any CPU.Build.0 = Debug|x64
		{D49B6A91-7FFF-49AE-982D-108770BC7E5B}.Debug|Any CPU.Deploy.0 = Debug|x64
		{D49B6A91-7FFF-49AE-982D-108770BC7E5B}.Debug|ARM.ActiveCfg = Debug|ARM
		{D49B6A91-7FFF-49AE-982D-108770BC7E5B}.Debug|ARM.Build.0 = Debug|ARM
		{D49B6A91-7FFF-49AE-982D-108770BC7E5B}.Debug|ARM.Deploy.0 = Debug|ARM
		{D49B6A91-7FFF-49AE-982D-108770BC7E5B}.Debug|x64.ActiveCfg = Debug|x64
		{D49B6A91-7FFF-49AE-982D-108770BC7E5B}.Debug|x64.Build.0 = Debug|x64
		{D49B6A91-7FFF-49AE-982D-108770BC7E5B}.Debug|x64.Deploy.0 = Debug|x64
		{D49B6A91-7FFF-49AE-982D-108770BC7E5B}.Debug|x86.ActiveCfg = Debug|x86
		{D49B6A91-7FFF-49AE-982D-108770BC7E5B}.Debug|x86.Build.0 = Debug|x86
		{D49B6A91-7FFF-49AE-982D-108770BC7E5B}.Debug|x86.Deploy.0 = Debug|x86
		{D49B6A91-7FFF-49AE-982D-108770BC7E5B}.Release|Any CPU.ActiveCfg = Release|x64
		{D49B6A91-7FFF-49AE-982D-108770BC7E5B}.Release|Any CPU.Build.0 = Release|x64
		{D49B6A91-7FFF-49AE-982D-108770BC7E5B}.Release|Any CPU.Deploy.0 = Release|x64
		{D49B6A91-7FFF-49AE-982D-108770BC7E5B}.Release|ARM.ActiveCfg = Release|ARM
		{D49B6A91-7FFF-49AE-982D-108770BC7E5B}.Release|ARM.Build.0 = Release|ARM
		{D49B6A91-7FFF-49AE-982D-108770BC7E5B}.Release|ARM.Deploy.0 = Release|ARM
		{D49B6A91-7FFF-49AE-982D-108770BC7E5B}.Release|x64.ActiveCfg = Release|x64
		{D49B6A91-7FFF-49AE-982D-108770BC7E5B}.Release|x64.Build.0 = Release|x64
		{D49B6A91-7FFF-49AE-982D-108770BC7E5B}.Release|x64.Deploy.0 = Release|x64
		{D49B6A91-7FFF-49AE-982D-108770BC7E5B}.Release|x86.ActiveCfg = Release|x86
		{D49B6A91-7FFF-49AE-982D-108770BC7E5B}.Release|x86.Build.0 = Release|x86
		{D49B6A91-7FFF-49AE-982D-108770BC7E5B}.Release|x86.Deploy.0 = Release|x86
		{4FC7C762-ADBE-4A0A-882D-10771CD8BD55}.Debug|Any CPU.ActiveCfg = Debug|Any CPU
		{4FC7C762-ADBE-4A0A-882D-10771CD8BD55}.Debug|Any CPU.Build.0 = Debug|Any CPU
		{4FC7C762-ADBE-4A0A-882D-10771CD8BD55}.Debug|ARM.ActiveCfg = Debug|Any CPU
		{4FC7C762-ADBE-4A0A-882D-10771CD8BD55}.Debug|ARM.Build.0 = Debug|Any CPU
		{4FC7C762-ADBE-4A0A-882D-10771CD8BD55}.Debug|x64.ActiveCfg = Debug|Any CPU
		{4FC7C762-ADBE-4A0A-882D-10771CD8BD55}.Debug|x64.Build.0 = Debug|Any CPU
		{4FC7C762-ADBE-4A0A-882D-10771CD8BD55}.Debug|x86.ActiveCfg = Debug|Any CPU
		{4FC7C762-ADBE-4A0A-882D-10771CD8BD55}.Debug|x86.Build.0 = Debug|Any CPU
		{4FC7C762-ADBE-4A0A-882D-10771CD8BD55}.Release|Any CPU.ActiveCfg = Release|Any CPU
		{4FC7C762-ADBE-4A0A-882D-10771CD8BD55}.Release|Any CPU.Build.0 = Release|Any CPU
		{4FC7C762-ADBE-4A0A-882D-10771CD8BD55}.Release|ARM.ActiveCfg = Release|Any CPU
		{4FC7C762-ADBE-4A0A-882D-10771CD8BD55}.Release|ARM.Build.0 = Release|Any CPU
		{4FC7C762-ADBE-4A0A-882D-10771CD8BD55}.Release|x64.ActiveCfg = Release|Any CPU
		{4FC7C762-ADBE-4A0A-882D-10771CD8BD55}.Release|x64.Build.0 = Release|Any CPU
		{4FC7C762-ADBE-4A0A-882D-10771CD8BD55}.Release|x86.ActiveCfg = Release|Any CPU
		{4FC7C762-ADBE-4A0A-882D-10771CD8BD55}.Release|x86.Build.0 = Release|Any CPU
		{C5AF45CA-C804-42ED-81FD-041B9B7FDBBD}.Debug|Any CPU.ActiveCfg = Debug|Any CPU
		{C5AF45CA-C804-42ED-81FD-041B9B7FDBBD}.Debug|Any CPU.Build.0 = Debug|Any CPU
		{C5AF45CA-C804-42ED-81FD-041B9B7FDBBD}.Debug|ARM.ActiveCfg = Debug|Any CPU
		{C5AF45CA-C804-42ED-81FD-041B9B7FDBBD}.Debug|ARM.Build.0 = Debug|Any CPU
		{C5AF45CA-C804-42ED-81FD-041B9B7FDBBD}.Debug|x64.ActiveCfg = Debug|Any CPU
		{C5AF45CA-C804-42ED-81FD-041B9B7FDBBD}.Debug|x64.Build.0 = Debug|Any CPU
		{C5AF45CA-C804-42ED-81FD-041B9B7FDBBD}.Debug|x86.ActiveCfg = Debug|Any CPU
		{C5AF45CA-C804-42ED-81FD-041B9B7FDBBD}.Debug|x86.Build.0 = Debug|Any CPU
		{C5AF45CA-C804-42ED-81FD-041B9B7FDBBD}.Release|Any CPU.ActiveCfg = Release|Any CPU
		{C5AF45CA-C804-42ED-81FD-041B9B7FDBBD}.Release|Any CPU.Build.0 = Release|Any CPU
		{C5AF45CA-C804-42ED-81FD-041B9B7FDBBD}.Release|ARM.ActiveCfg = Release|Any CPU
		{C5AF45CA-C804-42ED-81FD-041B9B7FDBBD}.Release|ARM.Build.0 = Release|Any CPU
		{C5AF45CA-C804-42ED-81FD-041B9B7FDBBD}.Release|x64.ActiveCfg = Release|Any CPU
		{C5AF45CA-C804-42ED-81FD-041B9B7FDBBD}.Release|x64.Build.0 = Release|Any CPU
		{C5AF45CA-C804-42ED-81FD-041B9B7FDBBD}.Release|x86.ActiveCfg = Release|Any CPU
		{C5AF45CA-C804-42ED-81FD-041B9B7FDBBD}.Release|x86.Build.0 = Release|Any CPU
	EndGlobalSection
	GlobalSection(SolutionProperties) = preSolution
		HideSolutionNode = FALSE
	EndGlobalSection
EndGlobal
