
Microsoft Visual Studio Solution File, Format Version 12.00
# Visual Studio 14
VisualStudioVersion = 14.0.25123.0
MinimumVisualStudioVersion = 10.0.40219.1
Project("{FAE04EC0-301F-11D3-BF4B-00C04F79EFBC}") = "WindowsDevicePortalWrapper", "WindowsDevicePortalWrapper\WindowsDevicePortalWrapper.csproj", "{6A9E862E-5CDA-4A8A-BBC0-56E9EA921E39}"
EndProject
Project("{FAE04EC0-301F-11D3-BF4B-00C04F79EFBC}") = "TestApp", "TestApp\TestApp.csproj", "{46C9836D-211A-43B8-B032-076C53A3D57C}"
EndProject
Global
	GlobalSection(SolutionConfigurationPlatforms) = preSolution
		Debug|Any CPU = Debug|Any CPU
		Release|Any CPU = Release|Any CPU
	EndGlobalSection
	GlobalSection(ProjectConfigurationPlatforms) = postSolution
		{6A9E862E-5CDA-4A8A-BBC0-56E9EA921E39}.Debug|Any CPU.ActiveCfg = Debug|Any CPU
		{6A9E862E-5CDA-4A8A-BBC0-56E9EA921E39}.Debug|Any CPU.Build.0 = Debug|Any CPU
		{6A9E862E-5CDA-4A8A-BBC0-56E9EA921E39}.Release|Any CPU.ActiveCfg = Release|Any CPU
		{6A9E862E-5CDA-4A8A-BBC0-56E9EA921E39}.Release|Any CPU.Build.0 = Release|Any CPU
		{46C9836D-211A-43B8-B032-076C53A3D57C}.Debug|Any CPU.ActiveCfg = Debug|Any CPU
		{46C9836D-211A-43B8-B032-076C53A3D57C}.Debug|Any CPU.Build.0 = Debug|Any CPU
		{46C9836D-211A-43B8-B032-076C53A3D57C}.Release|Any CPU.ActiveCfg = Release|Any CPU
		{46C9836D-211A-43B8-B032-076C53A3D57C}.Release|Any CPU.Build.0 = Release|Any CPU
	EndGlobalSection
	GlobalSection(SolutionProperties) = preSolution
		HideSolutionNode = FALSE
	EndGlobalSection
EndGlobal
