
Microsoft Visual Studio Solution File, Format Version 12.00
# Visual Studio Version 16
VisualStudioVersion = 16.0.29521.150
MinimumVisualStudioVersion = 10.0.40219.1
Project("{9A19103F-16F7-4668-BE54-9A1E7A4F7556}") = "WindowsDevicePortalWrapper", "WindowsDevicePortalWrapper\WindowsDevicePortalWrapper.csproj", "{6A9E862E-5CDA-4A8A-BBC0-56E9EA921E39}"
EndProject
Project("{9A19103F-16F7-4668-BE54-9A1E7A4F7556}") = "UnitTestProject", "UnitTestProject\UnitTestProject.csproj", "{4FC7C762-ADBE-4A0A-882D-10771CD8BD55}"
EndProject
Project("{9A19103F-16F7-4668-BE54-9A1E7A4F7556}") = "MockDataGenerator", "MockDataGenerator\MockDataGenerator.csproj", "{C5AF45CA-C804-42ED-81FD-041B9B7FDBBD}"
EndProject
Project("{2150E333-8FDC-42A3-9474-1A3956D46DE8}") = "Samples", "Samples", "{07E3DB19-3DDB-42EF-BDAB-0A61F07D637C}"
EndProject
Project("{2150E333-8FDC-42A3-9474-1A3956D46DE8}") = "Tools", "Tools", "{84BC236A-C79C-47E2-A5A3-F6FF03BE64F3}"
EndProject
Project("{2150E333-8FDC-42A3-9474-1A3956D46DE8}") = "Tests", "Tests", "{20AF4B15-122A-4C9B-A941-73824C518AFD}"
EndProject
Project("{9A19103F-16F7-4668-BE54-9A1E7A4F7556}") = "XboxWdpDriver", "..\Samples\XboxWdpDriver\XboxWdpDriver.csproj", "{1F3CA46B-1E52-418E-A293-23F3FA3BD213}"
EndProject
Project("{9A19103F-16F7-4668-BE54-9A1E7A4F7556}") = "SampleWdpClient", "..\Samples\SampleWdpClient\SampleWdpClient.csproj", "{7E0481EB-514A-4292-AD1D-3A3EAF38D359}"
EndProject
Project("{2150E333-8FDC-42A3-9474-1A3956D46DE8}") = "Utilities", "Utilities", "{0A85BE2B-52BE-4ACD-A332-991B3B81ED49}"
	ProjectSection(SolutionItems) = preProject
		Utilities\signConfig.xml = Utilities\signConfig.xml
		Utilities\WindowsDevicePortalWrapper.nuspec = Utilities\WindowsDevicePortalWrapper.nuspec
	EndProjectSection
EndProject
Global
	GlobalSection(SolutionConfigurationPlatforms) = preSolution
		Debug|Any CPU = Debug|Any CPU
		Debug|ARM = Debug|ARM
		Debug|x64 = Debug|x64
		Debug|x86 = Debug|x86
		Release|Any CPU = Release|Any CPU
		Release|ARM = Release|ARM
		Release|x64 = Release|x64
		Release|x86 = Release|x86
	EndGlobalSection
	GlobalSection(ProjectConfigurationPlatforms) = postSolution
		{6A9E862E-5CDA-4A8A-BBC0-56E9EA921E39}.Debug|Any CPU.ActiveCfg = Debug|Any CPU
		{6A9E862E-5CDA-4A8A-BBC0-56E9EA921E39}.Debug|Any CPU.Build.0 = Debug|Any CPU
		{6A9E862E-5CDA-4A8A-BBC0-56E9EA921E39}.Debug|ARM.ActiveCfg = Debug|Any CPU
		{6A9E862E-5CDA-4A8A-BBC0-56E9EA921E39}.Debug|ARM.Build.0 = Debug|Any CPU
		{6A9E862E-5CDA-4A8A-BBC0-56E9EA921E39}.Debug|x64.ActiveCfg = Debug|Any CPU
		{6A9E862E-5CDA-4A8A-BBC0-56E9EA921E39}.Debug|x64.Build.0 = Debug|Any CPU
		{6A9E862E-5CDA-4A8A-BBC0-56E9EA921E39}.Debug|x86.ActiveCfg = Debug|Any CPU
		{6A9E862E-5CDA-4A8A-BBC0-56E9EA921E39}.Debug|x86.Build.0 = Debug|Any CPU
		{6A9E862E-5CDA-4A8A-BBC0-56E9EA921E39}.Release|Any CPU.ActiveCfg = Release|Any CPU
		{6A9E862E-5CDA-4A8A-BBC0-56E9EA921E39}.Release|Any CPU.Build.0 = Release|Any CPU
		{6A9E862E-5CDA-4A8A-BBC0-56E9EA921E39}.Release|ARM.ActiveCfg = Release|Any CPU
		{6A9E862E-5CDA-4A8A-BBC0-56E9EA921E39}.Release|ARM.Build.0 = Release|Any CPU
		{6A9E862E-5CDA-4A8A-BBC0-56E9EA921E39}.Release|x64.ActiveCfg = Release|Any CPU
		{6A9E862E-5CDA-4A8A-BBC0-56E9EA921E39}.Release|x64.Build.0 = Release|Any CPU
		{6A9E862E-5CDA-4A8A-BBC0-56E9EA921E39}.Release|x86.ActiveCfg = Release|Any CPU
		{6A9E862E-5CDA-4A8A-BBC0-56E9EA921E39}.Release|x86.Build.0 = Release|Any CPU
		{4FC7C762-ADBE-4A0A-882D-10771CD8BD55}.Debug|Any CPU.ActiveCfg = Debug|Any CPU
		{4FC7C762-ADBE-4A0A-882D-10771CD8BD55}.Debug|Any CPU.Build.0 = Debug|Any CPU
		{4FC7C762-ADBE-4A0A-882D-10771CD8BD55}.Debug|ARM.ActiveCfg = Debug|Any CPU
		{4FC7C762-ADBE-4A0A-882D-10771CD8BD55}.Debug|ARM.Build.0 = Debug|Any CPU
		{4FC7C762-ADBE-4A0A-882D-10771CD8BD55}.Debug|x64.ActiveCfg = Debug|Any CPU
		{4FC7C762-ADBE-4A0A-882D-10771CD8BD55}.Debug|x64.Build.0 = Debug|Any CPU
		{4FC7C762-ADBE-4A0A-882D-10771CD8BD55}.Debug|x86.ActiveCfg = Debug|Any CPU
		{4FC7C762-ADBE-4A0A-882D-10771CD8BD55}.Debug|x86.Build.0 = Debug|Any CPU
		{4FC7C762-ADBE-4A0A-882D-10771CD8BD55}.Release|Any CPU.ActiveCfg = Release|Any CPU
		{4FC7C762-ADBE-4A0A-882D-10771CD8BD55}.Release|Any CPU.Build.0 = Release|Any CPU
		{4FC7C762-ADBE-4A0A-882D-10771CD8BD55}.Release|ARM.ActiveCfg = Release|Any CPU
		{4FC7C762-ADBE-4A0A-882D-10771CD8BD55}.Release|ARM.Build.0 = Release|Any CPU
		{4FC7C762-ADBE-4A0A-882D-10771CD8BD55}.Release|x64.ActiveCfg = Release|Any CPU
		{4FC7C762-ADBE-4A0A-882D-10771CD8BD55}.Release|x64.Build.0 = Release|Any CPU
		{4FC7C762-ADBE-4A0A-882D-10771CD8BD55}.Release|x86.ActiveCfg = Release|Any CPU
		{4FC7C762-ADBE-4A0A-882D-10771CD8BD55}.Release|x86.Build.0 = Release|Any CPU
		{C5AF45CA-C804-42ED-81FD-041B9B7FDBBD}.Debug|Any CPU.ActiveCfg = Debug|Any CPU
		{C5AF45CA-C804-42ED-81FD-041B9B7FDBBD}.Debug|Any CPU.Build.0 = Debug|Any CPU
		{C5AF45CA-C804-42ED-81FD-041B9B7FDBBD}.Debug|ARM.ActiveCfg = Debug|Any CPU
		{C5AF45CA-C804-42ED-81FD-041B9B7FDBBD}.Debug|ARM.Build.0 = Debug|Any CPU
		{C5AF45CA-C804-42ED-81FD-041B9B7FDBBD}.Debug|x64.ActiveCfg = Debug|Any CPU
		{C5AF45CA-C804-42ED-81FD-041B9B7FDBBD}.Debug|x64.Build.0 = Debug|Any CPU
		{C5AF45CA-C804-42ED-81FD-041B9B7FDBBD}.Debug|x86.ActiveCfg = Debug|Any CPU
		{C5AF45CA-C804-42ED-81FD-041B9B7FDBBD}.Debug|x86.Build.0 = Debug|Any CPU
		{C5AF45CA-C804-42ED-81FD-041B9B7FDBBD}.Release|Any CPU.ActiveCfg = Release|Any CPU
		{C5AF45CA-C804-42ED-81FD-041B9B7FDBBD}.Release|Any CPU.Build.0 = Release|Any CPU
		{C5AF45CA-C804-42ED-81FD-041B9B7FDBBD}.Release|ARM.ActiveCfg = Release|Any CPU
		{C5AF45CA-C804-42ED-81FD-041B9B7FDBBD}.Release|ARM.Build.0 = Release|Any CPU
		{C5AF45CA-C804-42ED-81FD-041B9B7FDBBD}.Release|x64.ActiveCfg = Release|Any CPU
		{C5AF45CA-C804-42ED-81FD-041B9B7FDBBD}.Release|x64.Build.0 = Release|Any CPU
		{C5AF45CA-C804-42ED-81FD-041B9B7FDBBD}.Release|x86.ActiveCfg = Release|Any CPU
		{C5AF45CA-C804-42ED-81FD-041B9B7FDBBD}.Release|x86.Build.0 = Release|Any CPU
		{1F3CA46B-1E52-418E-A293-23F3FA3BD213}.Debug|Any CPU.ActiveCfg = Debug|Any CPU
		{1F3CA46B-1E52-418E-A293-23F3FA3BD213}.Debug|Any CPU.Build.0 = Debug|Any CPU
		{1F3CA46B-1E52-418E-A293-23F3FA3BD213}.Debug|ARM.ActiveCfg = Debug|Any CPU
		{1F3CA46B-1E52-418E-A293-23F3FA3BD213}.Debug|ARM.Build.0 = Debug|Any CPU
		{1F3CA46B-1E52-418E-A293-23F3FA3BD213}.Debug|x64.ActiveCfg = Debug|Any CPU
		{1F3CA46B-1E52-418E-A293-23F3FA3BD213}.Debug|x64.Build.0 = Debug|Any CPU
		{1F3CA46B-1E52-418E-A293-23F3FA3BD213}.Debug|x86.ActiveCfg = Debug|Any CPU
		{1F3CA46B-1E52-418E-A293-23F3FA3BD213}.Debug|x86.Build.0 = Debug|Any CPU
		{1F3CA46B-1E52-418E-A293-23F3FA3BD213}.Release|Any CPU.ActiveCfg = Release|Any CPU
		{1F3CA46B-1E52-418E-A293-23F3FA3BD213}.Release|Any CPU.Build.0 = Release|Any CPU
		{1F3CA46B-1E52-418E-A293-23F3FA3BD213}.Release|ARM.ActiveCfg = Release|Any CPU
		{1F3CA46B-1E52-418E-A293-23F3FA3BD213}.Release|ARM.Build.0 = Release|Any CPU
		{1F3CA46B-1E52-418E-A293-23F3FA3BD213}.Release|x64.ActiveCfg = Release|Any CPU
		{1F3CA46B-1E52-418E-A293-23F3FA3BD213}.Release|x64.Build.0 = Release|Any CPU
		{1F3CA46B-1E52-418E-A293-23F3FA3BD213}.Release|x86.ActiveCfg = Release|Any CPU
		{1F3CA46B-1E52-418E-A293-23F3FA3BD213}.Release|x86.Build.0 = Release|Any CPU
		{7E0481EB-514A-4292-AD1D-3A3EAF38D359}.Debug|Any CPU.ActiveCfg = Debug|Any CPU
		{7E0481EB-514A-4292-AD1D-3A3EAF38D359}.Debug|Any CPU.Build.0 = Debug|Any CPU
		{7E0481EB-514A-4292-AD1D-3A3EAF38D359}.Debug|ARM.ActiveCfg = Debug|Any CPU
		{7E0481EB-514A-4292-AD1D-3A3EAF38D359}.Debug|ARM.Build.0 = Debug|Any CPU
		{7E0481EB-514A-4292-AD1D-3A3EAF38D359}.Debug|x64.ActiveCfg = Debug|Any CPU
		{7E0481EB-514A-4292-AD1D-3A3EAF38D359}.Debug|x64.Build.0 = Debug|Any CPU
		{7E0481EB-514A-4292-AD1D-3A3EAF38D359}.Debug|x86.ActiveCfg = Debug|Any CPU
		{7E0481EB-514A-4292-AD1D-3A3EAF38D359}.Debug|x86.Build.0 = Debug|Any CPU
		{7E0481EB-514A-4292-AD1D-3A3EAF38D359}.Release|Any CPU.ActiveCfg = Release|Any CPU
		{7E0481EB-514A-4292-AD1D-3A3EAF38D359}.Release|Any CPU.Build.0 = Release|Any CPU
		{7E0481EB-514A-4292-AD1D-3A3EAF38D359}.Release|ARM.ActiveCfg = Release|Any CPU
		{7E0481EB-514A-4292-AD1D-3A3EAF38D359}.Release|ARM.Build.0 = Release|Any CPU
		{7E0481EB-514A-4292-AD1D-3A3EAF38D359}.Release|x64.ActiveCfg = Release|Any CPU
		{7E0481EB-514A-4292-AD1D-3A3EAF38D359}.Release|x64.Build.0 = Release|Any CPU
		{7E0481EB-514A-4292-AD1D-3A3EAF38D359}.Release|x86.ActiveCfg = Release|Any CPU
		{7E0481EB-514A-4292-AD1D-3A3EAF38D359}.Release|x86.Build.0 = Release|Any CPU
	EndGlobalSection
	GlobalSection(SolutionProperties) = preSolution
		HideSolutionNode = FALSE
	EndGlobalSection
	GlobalSection(NestedProjects) = preSolution
		{4FC7C762-ADBE-4A0A-882D-10771CD8BD55} = {20AF4B15-122A-4C9B-A941-73824C518AFD}
		{C5AF45CA-C804-42ED-81FD-041B9B7FDBBD} = {84BC236A-C79C-47E2-A5A3-F6FF03BE64F3}
		{1F3CA46B-1E52-418E-A293-23F3FA3BD213} = {07E3DB19-3DDB-42EF-BDAB-0A61F07D637C}
		{7E0481EB-514A-4292-AD1D-3A3EAF38D359} = {07E3DB19-3DDB-42EF-BDAB-0A61F07D637C}
	EndGlobalSection
	GlobalSection(ExtensibilityGlobals) = postSolution
		SolutionGuid = {936C9913-9A2F-4E36-BD3E-658B41786D5D}
	EndGlobalSection
EndGlobal
